
Microsoft Visual Studio Solution File, Format Version 12.00
# Visual Studio 14
VisualStudioVersion = 14.0.25123.0
MinimumVisualStudioVersion = 10.0.40219.1
Project("{FAE04EC0-301F-11D3-BF4B-00C04F79EFBC}") = "OddOrEven", "OddOrEven\OddOrEven.csproj", "{20BA6E72-E49D-4A51-B2B0-3D7E8A4A5A11}"
EndProject
Project("{FAE04EC0-301F-11D3-BF4B-00C04F79EFBC}") = "MoonGravity", "MoonGravity\MoonGravity.csproj", "{768B6E00-94F8-4440-B781-9FE36805319D}"
EndProject
Project("{FAE04EC0-301F-11D3-BF4B-00C04F79EFBC}") = "DivideBy5And7", "DivideBy5And7\DivideBy5And7.csproj", "{40A0A3D1-6F5E-4BDE-B5C9-A3980D5B8DB4}"
EndProject
Project("{FAE04EC0-301F-11D3-BF4B-00C04F79EFBC}") = "Rectangles", "Rectangles\Rectangles.csproj", "{B2CB4A28-4B83-4F0A-833E-6854953B1213}"
EndProject
Project("{FAE04EC0-301F-11D3-BF4B-00C04F79EFBC}") = "ThirdDigit", "ThirdDigit\ThirdDigit.csproj", "{D8D8B52F-CA7C-427D-B7EE-714AC64C67D2}"
EndProject
Project("{FAE04EC0-301F-11D3-BF4B-00C04F79EFBC}") = "FourDigit", "FourDigit\FourDigit.csproj", "{E00BC0E1-B1EC-455D-8D90-61ECCA35DEB1}"
EndProject
Project("{FAE04EC0-301F-11D3-BF4B-00C04F79EFBC}") = "PointInCircle", "PointInCircle\PointInCircle.csproj", "{7B204DB7-C902-4B2C-97B4-EA6968D2CB1E}"
EndProject
Project("{FAE04EC0-301F-11D3-BF4B-00C04F79EFBC}") = "PrimeCheck", "PrimeCheck\PrimeCheck.csproj", "{E1964E9F-AD06-457E-AB50-B89FF9BEBBA0}"
EndProject
Project("{FAE04EC0-301F-11D3-BF4B-00C04F79EFBC}") = "Trapezoid", "Trapezoid\Trapezoid.csproj", "{9EA999D6-671C-4066-AAE4-49B6DF091D6F}"
EndProject
Project("{FAE04EC0-301F-11D3-BF4B-00C04F79EFBC}") = "Point,Circle,Rectangle", "Point,Circle,Rectangle\Point,Circle,Rectangle.csproj", "{766A25AD-303C-4B4F-AAB3-BA6B7A6CEF27}"
EndProject
Project("{FAE04EC0-301F-11D3-BF4B-00C04F79EFBC}") = "ThirdBit", "ThirdBit\ThirdBit.csproj", "{6BCB545B-8866-4AE1-9809-37279A6A1E73}"
EndProject
Project("{FAE04EC0-301F-11D3-BF4B-00C04F79EFBC}") = "nthBit", "nthBit\nthBit.csproj", "{34D9669B-877B-4F01-B25E-D776A740416F}"
EndProject
Project("{FAE04EC0-301F-11D3-BF4B-00C04F79EFBC}") = "ModifyBit", "ModifyBit\ModifyBit.csproj", "{2A8C329F-FA9F-4CE3-978E-F68DB3A5978A}"
EndProject
Project("{FAE04EC0-301F-11D3-BF4B-00C04F79EFBC}") = "BitExchange", "BitExchange\BitExchange.csproj", "{2F5DDD0A-7381-48AC-97AC-0F3A37078AB6}"
EndProject
Project("{FAE04EC0-301F-11D3-BF4B-00C04F79EFBC}") = "BitSwap", "BitSwap\BitSwap.csproj", "{5A9AF8B9-7382-49DF-BB73-E783D07ECC65}"
EndProject
Global
	GlobalSection(SolutionConfigurationPlatforms) = preSolution
		Debug|Any CPU = Debug|Any CPU
		Release|Any CPU = Release|Any CPU
	EndGlobalSection
	GlobalSection(ProjectConfigurationPlatforms) = postSolution
		{20BA6E72-E49D-4A51-B2B0-3D7E8A4A5A11}.Debug|Any CPU.ActiveCfg = Debug|Any CPU
		{20BA6E72-E49D-4A51-B2B0-3D7E8A4A5A11}.Debug|Any CPU.Build.0 = Debug|Any CPU
		{20BA6E72-E49D-4A51-B2B0-3D7E8A4A5A11}.Release|Any CPU.ActiveCfg = Release|Any CPU
		{20BA6E72-E49D-4A51-B2B0-3D7E8A4A5A11}.Release|Any CPU.Build.0 = Release|Any CPU
		{768B6E00-94F8-4440-B781-9FE36805319D}.Debug|Any CPU.ActiveCfg = Debug|Any CPU
		{768B6E00-94F8-4440-B781-9FE36805319D}.Debug|Any CPU.Build.0 = Debug|Any CPU
		{768B6E00-94F8-4440-B781-9FE36805319D}.Release|Any CPU.ActiveCfg = Release|Any CPU
		{768B6E00-94F8-4440-B781-9FE36805319D}.Release|Any CPU.Build.0 = Release|Any CPU
		{40A0A3D1-6F5E-4BDE-B5C9-A3980D5B8DB4}.Debug|Any CPU.ActiveCfg = Debug|Any CPU
		{40A0A3D1-6F5E-4BDE-B5C9-A3980D5B8DB4}.Debug|Any CPU.Build.0 = Debug|Any CPU
		{40A0A3D1-6F5E-4BDE-B5C9-A3980D5B8DB4}.Release|Any CPU.ActiveCfg = Release|Any CPU
		{40A0A3D1-6F5E-4BDE-B5C9-A3980D5B8DB4}.Release|Any CPU.Build.0 = Release|Any CPU
		{B2CB4A28-4B83-4F0A-833E-6854953B1213}.Debug|Any CPU.ActiveCfg = Debug|Any CPU
		{B2CB4A28-4B83-4F0A-833E-6854953B1213}.Debug|Any CPU.Build.0 = Debug|Any CPU
		{B2CB4A28-4B83-4F0A-833E-6854953B1213}.Release|Any CPU.ActiveCfg = Release|Any CPU
		{B2CB4A28-4B83-4F0A-833E-6854953B1213}.Release|Any CPU.Build.0 = Release|Any CPU
		{D8D8B52F-CA7C-427D-B7EE-714AC64C67D2}.Debug|Any CPU.ActiveCfg = Debug|Any CPU
		{D8D8B52F-CA7C-427D-B7EE-714AC64C67D2}.Debug|Any CPU.Build.0 = Debug|Any CPU
		{D8D8B52F-CA7C-427D-B7EE-714AC64C67D2}.Release|Any CPU.ActiveCfg = Release|Any CPU
		{D8D8B52F-CA7C-427D-B7EE-714AC64C67D2}.Release|Any CPU.Build.0 = Release|Any CPU
		{E00BC0E1-B1EC-455D-8D90-61ECCA35DEB1}.Debug|Any CPU.ActiveCfg = Debug|Any CPU
		{E00BC0E1-B1EC-455D-8D90-61ECCA35DEB1}.Debug|Any CPU.Build.0 = Debug|Any CPU
		{E00BC0E1-B1EC-455D-8D90-61ECCA35DEB1}.Release|Any CPU.ActiveCfg = Release|Any CPU
		{E00BC0E1-B1EC-455D-8D90-61ECCA35DEB1}.Release|Any CPU.Build.0 = Release|Any CPU
		{7B204DB7-C902-4B2C-97B4-EA6968D2CB1E}.Debug|Any CPU.ActiveCfg = Debug|Any CPU
		{7B204DB7-C902-4B2C-97B4-EA6968D2CB1E}.Debug|Any CPU.Build.0 = Debug|Any CPU
		{7B204DB7-C902-4B2C-97B4-EA6968D2CB1E}.Release|Any CPU.ActiveCfg = Release|Any CPU
		{7B204DB7-C902-4B2C-97B4-EA6968D2CB1E}.Release|Any CPU.Build.0 = Release|Any CPU
		{E1964E9F-AD06-457E-AB50-B89FF9BEBBA0}.Debug|Any CPU.ActiveCfg = Debug|Any CPU
		{E1964E9F-AD06-457E-AB50-B89FF9BEBBA0}.Debug|Any CPU.Build.0 = Debug|Any CPU
		{E1964E9F-AD06-457E-AB50-B89FF9BEBBA0}.Release|Any CPU.ActiveCfg = Release|Any CPU
		{E1964E9F-AD06-457E-AB50-B89FF9BEBBA0}.Release|Any CPU.Build.0 = Release|Any CPU
		{9EA999D6-671C-4066-AAE4-49B6DF091D6F}.Debug|Any CPU.ActiveCfg = Debug|Any CPU
		{9EA999D6-671C-4066-AAE4-49B6DF091D6F}.Debug|Any CPU.Build.0 = Debug|Any CPU
		{9EA999D6-671C-4066-AAE4-49B6DF091D6F}.Release|Any CPU.ActiveCfg = Release|Any CPU
		{9EA999D6-671C-4066-AAE4-49B6DF091D6F}.Release|Any CPU.Build.0 = Release|Any CPU
		{766A25AD-303C-4B4F-AAB3-BA6B7A6CEF27}.Debug|Any CPU.ActiveCfg = Debug|Any CPU
		{766A25AD-303C-4B4F-AAB3-BA6B7A6CEF27}.Debug|Any CPU.Build.0 = Debug|Any CPU
		{766A25AD-303C-4B4F-AAB3-BA6B7A6CEF27}.Release|Any CPU.ActiveCfg = Release|Any CPU
		{766A25AD-303C-4B4F-AAB3-BA6B7A6CEF27}.Release|Any CPU.Build.0 = Release|Any CPU
		{6BCB545B-8866-4AE1-9809-37279A6A1E73}.Debug|Any CPU.ActiveCfg = Debug|Any CPU
		{6BCB545B-8866-4AE1-9809-37279A6A1E73}.Debug|Any CPU.Build.0 = Debug|Any CPU
		{6BCB545B-8866-4AE1-9809-37279A6A1E73}.Release|Any CPU.ActiveCfg = Release|Any CPU
		{6BCB545B-8866-4AE1-9809-37279A6A1E73}.Release|Any CPU.Build.0 = Release|Any CPU
		{34D9669B-877B-4F01-B25E-D776A740416F}.Debug|Any CPU.ActiveCfg = Debug|Any CPU
		{34D9669B-877B-4F01-B25E-D776A740416F}.Debug|Any CPU.Build.0 = Debug|Any CPU
		{34D9669B-877B-4F01-B25E-D776A740416F}.Release|Any CPU.ActiveCfg = Release|Any CPU
		{34D9669B-877B-4F01-B25E-D776A740416F}.Release|Any CPU.Build.0 = Release|Any CPU
		{2A8C329F-FA9F-4CE3-978E-F68DB3A5978A}.Debug|Any CPU.ActiveCfg = Debug|Any CPU
		{2A8C329F-FA9F-4CE3-978E-F68DB3A5978A}.Debug|Any CPU.Build.0 = Debug|Any CPU
		{2A8C329F-FA9F-4CE3-978E-F68DB3A5978A}.Release|Any CPU.ActiveCfg = Release|Any CPU
		{2A8C329F-FA9F-4CE3-978E-F68DB3A5978A}.Release|Any CPU.Build.0 = Release|Any CPU
		{2F5DDD0A-7381-48AC-97AC-0F3A37078AB6}.Debug|Any CPU.ActiveCfg = Debug|Any CPU
		{2F5DDD0A-7381-48AC-97AC-0F3A37078AB6}.Debug|Any CPU.Build.0 = Debug|Any CPU
		{2F5DDD0A-7381-48AC-97AC-0F3A37078AB6}.Release|Any CPU.ActiveCfg = Release|Any CPU
		{2F5DDD0A-7381-48AC-97AC-0F3A37078AB6}.Release|Any CPU.Build.0 = Release|Any CPU
		{5A9AF8B9-7382-49DF-BB73-E783D07ECC65}.Debug|Any CPU.ActiveCfg = Debug|Any CPU
		{5A9AF8B9-7382-49DF-BB73-E783D07ECC65}.Debug|Any CPU.Build.0 = Debug|Any CPU
		{5A9AF8B9-7382-49DF-BB73-E783D07ECC65}.Release|Any CPU.ActiveCfg = Release|Any CPU
		{5A9AF8B9-7382-49DF-BB73-E783D07ECC65}.Release|Any CPU.Build.0 = Release|Any CPU
	EndGlobalSection
	GlobalSection(SolutionProperties) = preSolution
		HideSolutionNode = FALSE
	EndGlobalSection
EndGlobal
