
Microsoft Visual Studio Solution File, Format Version 12.00
# Visual Studio 14
VisualStudioVersion = 14.0.25123.0
MinimumVisualStudioVersion = 10.0.40219.1
Project("{FAE04EC0-301F-11D3-BF4B-00C04F79EFBC}") = "OddOrEven", "OddOrEven\OddOrEven.csproj", "{264A0E5D-C32C-41AD-A1B1-5C44EA7D3044}"
EndProject
Project("{FAE04EC0-301F-11D3-BF4B-00C04F79EFBC}") = "MoonGravity", "MoonGravity\MoonGravity.csproj", "{CB633041-052E-4736-99B8-CB4649E1BCA4}"
EndProject
Project("{FAE04EC0-301F-11D3-BF4B-00C04F79EFBC}") = "DivideBySevenAndFive", "DivideBySevenAndFive\DivideBySevenAndFive.csproj", "{E0769DE5-4C65-4C3A-9BA7-C3C8419D85B1}"
EndProject
Project("{FAE04EC0-301F-11D3-BF4B-00C04F79EFBC}") = "Rectangles", "ConsoleApplication1\Rectangles.csproj", "{17A9020B-1839-49F4-8A6C-7D1A4669EF1A}"
EndProject
Project("{FAE04EC0-301F-11D3-BF4B-00C04F79EFBC}") = "ThirdDigit", "ThirdDigit\ThirdDigit.csproj", "{E755BE72-3C68-41D3-AF30-F6A2F81975DC}"
EndProject
Project("{FAE04EC0-301F-11D3-BF4B-00C04F79EFBC}") = "FourDigits", "FourDigits\FourDigits.csproj", "{19791D83-9DF1-4AF4-8701-E33370917C1A}"
EndProject
Project("{FAE04EC0-301F-11D3-BF4B-00C04F79EFBC}") = "FourDigitSecondWay", "FourDigitSecondWay\FourDigitSecondWay.csproj", "{D168A09F-680A-4109-82C2-2E63FB637879}"
EndProject
Project("{FAE04EC0-301F-11D3-BF4B-00C04F79EFBC}") = "ConsoleApplication3", "ConsoleApplication3\ConsoleApplication3.csproj", "{2BAA5CA5-3568-4889-92D7-BF2D39659587}"
EndProject
Project("{FAE04EC0-301F-11D3-BF4B-00C04F79EFBC}") = "PrimeCheck", "PrimeCheck\PrimeCheck.csproj", "{16F9C092-D0B9-4A9A-B415-E0BBBA7833C6}"
EndProject
Project("{FAE04EC0-301F-11D3-BF4B-00C04F79EFBC}") = "Trapezoids", "Trapezoids\Trapezoids.csproj", "{6717B7FE-670F-4109-960A-A3859181FC5E}"
EndProject
Project("{FAE04EC0-301F-11D3-BF4B-00C04F79EFBC}") = "PointCircleRectangle", "PointCircleRectangle\PointCircleRectangle.csproj", "{7B2E5DDA-707A-4573-BD44-C1CC7157E16D}"
EndProject
Project("{FAE04EC0-301F-11D3-BF4B-00C04F79EFBC}") = "ThirdPositionBit", "ThirdPositionBit\ThirdPositionBit.csproj", "{7FC3E0BB-DEE4-477F-93BD-A1B5F2054DED}"
EndProject
Project("{FAE04EC0-301F-11D3-BF4B-00C04F79EFBC}") = "N-th Bit", "N-th Bit\N-th Bit.csproj", "{0441263C-E8A9-4AFC-9C68-895FD6DE68B6}"
EndProject
Project("{FAE04EC0-301F-11D3-BF4B-00C04F79EFBC}") = "ModifyBit", "ModifyBit\ModifyBit.csproj", "{FC2D0D52-1E9B-40E0-B9CB-365539C8B688}"
EndProject
Project("{FAE04EC0-301F-11D3-BF4B-00C04F79EFBC}") = "BitExchange", "BitExchange\BitExchange.csproj", "{FFEEE5A0-8FCE-460F-8D23-CD81E7516202}"
EndProject
Project("{FAE04EC0-301F-11D3-BF4B-00C04F79EFBC}") = "BitExchangeWithArray", "BitExchangeWithArray\BitExchangeWithArray.csproj", "{F368D0E2-C661-49A3-9B51-2451BC2533C8}"
EndProject
Project("{FAE04EC0-301F-11D3-BF4B-00C04F79EFBC}") = "BitSwap", "BitSwap\BitSwap.csproj", "{AC9BBDD3-A4A9-45BB-9FAB-A0F7EAD6E8B0}"
EndProject
Global
	GlobalSection(SolutionConfigurationPlatforms) = preSolution
		Debug|Any CPU = Debug|Any CPU
		Release|Any CPU = Release|Any CPU
	EndGlobalSection
	GlobalSection(ProjectConfigurationPlatforms) = postSolution
		{264A0E5D-C32C-41AD-A1B1-5C44EA7D3044}.Debug|Any CPU.ActiveCfg = Debug|Any CPU
		{264A0E5D-C32C-41AD-A1B1-5C44EA7D3044}.Debug|Any CPU.Build.0 = Debug|Any CPU
		{264A0E5D-C32C-41AD-A1B1-5C44EA7D3044}.Release|Any CPU.ActiveCfg = Release|Any CPU
		{264A0E5D-C32C-41AD-A1B1-5C44EA7D3044}.Release|Any CPU.Build.0 = Release|Any CPU
		{CB633041-052E-4736-99B8-CB4649E1BCA4}.Debug|Any CPU.ActiveCfg = Debug|Any CPU
		{CB633041-052E-4736-99B8-CB4649E1BCA4}.Debug|Any CPU.Build.0 = Debug|Any CPU
		{CB633041-052E-4736-99B8-CB4649E1BCA4}.Release|Any CPU.ActiveCfg = Release|Any CPU
		{CB633041-052E-4736-99B8-CB4649E1BCA4}.Release|Any CPU.Build.0 = Release|Any CPU
		{E0769DE5-4C65-4C3A-9BA7-C3C8419D85B1}.Debug|Any CPU.ActiveCfg = Debug|Any CPU
		{E0769DE5-4C65-4C3A-9BA7-C3C8419D85B1}.Debug|Any CPU.Build.0 = Debug|Any CPU
		{E0769DE5-4C65-4C3A-9BA7-C3C8419D85B1}.Release|Any CPU.ActiveCfg = Release|Any CPU
		{E0769DE5-4C65-4C3A-9BA7-C3C8419D85B1}.Release|Any CPU.Build.0 = Release|Any CPU
		{17A9020B-1839-49F4-8A6C-7D1A4669EF1A}.Debug|Any CPU.ActiveCfg = Debug|Any CPU
		{17A9020B-1839-49F4-8A6C-7D1A4669EF1A}.Debug|Any CPU.Build.0 = Debug|Any CPU
		{17A9020B-1839-49F4-8A6C-7D1A4669EF1A}.Release|Any CPU.ActiveCfg = Release|Any CPU
		{17A9020B-1839-49F4-8A6C-7D1A4669EF1A}.Release|Any CPU.Build.0 = Release|Any CPU
		{E755BE72-3C68-41D3-AF30-F6A2F81975DC}.Debug|Any CPU.ActiveCfg = Debug|Any CPU
		{E755BE72-3C68-41D3-AF30-F6A2F81975DC}.Debug|Any CPU.Build.0 = Debug|Any CPU
		{E755BE72-3C68-41D3-AF30-F6A2F81975DC}.Release|Any CPU.ActiveCfg = Release|Any CPU
		{E755BE72-3C68-41D3-AF30-F6A2F81975DC}.Release|Any CPU.Build.0 = Release|Any CPU
		{19791D83-9DF1-4AF4-8701-E33370917C1A}.Debug|Any CPU.ActiveCfg = Debug|Any CPU
		{19791D83-9DF1-4AF4-8701-E33370917C1A}.Debug|Any CPU.Build.0 = Debug|Any CPU
		{19791D83-9DF1-4AF4-8701-E33370917C1A}.Release|Any CPU.ActiveCfg = Release|Any CPU
		{19791D83-9DF1-4AF4-8701-E33370917C1A}.Release|Any CPU.Build.0 = Release|Any CPU
		{D168A09F-680A-4109-82C2-2E63FB637879}.Debug|Any CPU.ActiveCfg = Debug|Any CPU
		{D168A09F-680A-4109-82C2-2E63FB637879}.Debug|Any CPU.Build.0 = Debug|Any CPU
		{D168A09F-680A-4109-82C2-2E63FB637879}.Release|Any CPU.ActiveCfg = Release|Any CPU
		{D168A09F-680A-4109-82C2-2E63FB637879}.Release|Any CPU.Build.0 = Release|Any CPU
		{2BAA5CA5-3568-4889-92D7-BF2D39659587}.Debug|Any CPU.ActiveCfg = Debug|Any CPU
		{2BAA5CA5-3568-4889-92D7-BF2D39659587}.Debug|Any CPU.Build.0 = Debug|Any CPU
		{2BAA5CA5-3568-4889-92D7-BF2D39659587}.Release|Any CPU.ActiveCfg = Release|Any CPU
		{2BAA5CA5-3568-4889-92D7-BF2D39659587}.Release|Any CPU.Build.0 = Release|Any CPU
		{16F9C092-D0B9-4A9A-B415-E0BBBA7833C6}.Debug|Any CPU.ActiveCfg = Debug|Any CPU
		{16F9C092-D0B9-4A9A-B415-E0BBBA7833C6}.Debug|Any CPU.Build.0 = Debug|Any CPU
		{16F9C092-D0B9-4A9A-B415-E0BBBA7833C6}.Release|Any CPU.ActiveCfg = Release|Any CPU
		{16F9C092-D0B9-4A9A-B415-E0BBBA7833C6}.Release|Any CPU.Build.0 = Release|Any CPU
		{6717B7FE-670F-4109-960A-A3859181FC5E}.Debug|Any CPU.ActiveCfg = Debug|Any CPU
		{6717B7FE-670F-4109-960A-A3859181FC5E}.Debug|Any CPU.Build.0 = Debug|Any CPU
		{6717B7FE-670F-4109-960A-A3859181FC5E}.Release|Any CPU.ActiveCfg = Release|Any CPU
		{6717B7FE-670F-4109-960A-A3859181FC5E}.Release|Any CPU.Build.0 = Release|Any CPU
		{7B2E5DDA-707A-4573-BD44-C1CC7157E16D}.Debug|Any CPU.ActiveCfg = Debug|Any CPU
		{7B2E5DDA-707A-4573-BD44-C1CC7157E16D}.Debug|Any CPU.Build.0 = Debug|Any CPU
		{7B2E5DDA-707A-4573-BD44-C1CC7157E16D}.Release|Any CPU.ActiveCfg = Release|Any CPU
		{7B2E5DDA-707A-4573-BD44-C1CC7157E16D}.Release|Any CPU.Build.0 = Release|Any CPU
		{7FC3E0BB-DEE4-477F-93BD-A1B5F2054DED}.Debug|Any CPU.ActiveCfg = Debug|Any CPU
		{7FC3E0BB-DEE4-477F-93BD-A1B5F2054DED}.Debug|Any CPU.Build.0 = Debug|Any CPU
		{7FC3E0BB-DEE4-477F-93BD-A1B5F2054DED}.Release|Any CPU.ActiveCfg = Release|Any CPU
		{7FC3E0BB-DEE4-477F-93BD-A1B5F2054DED}.Release|Any CPU.Build.0 = Release|Any CPU
		{0441263C-E8A9-4AFC-9C68-895FD6DE68B6}.Debug|Any CPU.ActiveCfg = Debug|Any CPU
		{0441263C-E8A9-4AFC-9C68-895FD6DE68B6}.Debug|Any CPU.Build.0 = Debug|Any CPU
		{0441263C-E8A9-4AFC-9C68-895FD6DE68B6}.Release|Any CPU.ActiveCfg = Release|Any CPU
		{0441263C-E8A9-4AFC-9C68-895FD6DE68B6}.Release|Any CPU.Build.0 = Release|Any CPU
		{FC2D0D52-1E9B-40E0-B9CB-365539C8B688}.Debug|Any CPU.ActiveCfg = Debug|Any CPU
		{FC2D0D52-1E9B-40E0-B9CB-365539C8B688}.Debug|Any CPU.Build.0 = Debug|Any CPU
		{FC2D0D52-1E9B-40E0-B9CB-365539C8B688}.Release|Any CPU.ActiveCfg = Release|Any CPU
		{FC2D0D52-1E9B-40E0-B9CB-365539C8B688}.Release|Any CPU.Build.0 = Release|Any CPU
		{FFEEE5A0-8FCE-460F-8D23-CD81E7516202}.Debug|Any CPU.ActiveCfg = Debug|Any CPU
		{FFEEE5A0-8FCE-460F-8D23-CD81E7516202}.Debug|Any CPU.Build.0 = Debug|Any CPU
		{FFEEE5A0-8FCE-460F-8D23-CD81E7516202}.Release|Any CPU.ActiveCfg = Release|Any CPU
		{FFEEE5A0-8FCE-460F-8D23-CD81E7516202}.Release|Any CPU.Build.0 = Release|Any CPU
		{F368D0E2-C661-49A3-9B51-2451BC2533C8}.Debug|Any CPU.ActiveCfg = Debug|Any CPU
		{F368D0E2-C661-49A3-9B51-2451BC2533C8}.Debug|Any CPU.Build.0 = Debug|Any CPU
		{F368D0E2-C661-49A3-9B51-2451BC2533C8}.Release|Any CPU.ActiveCfg = Release|Any CPU
		{F368D0E2-C661-49A3-9B51-2451BC2533C8}.Release|Any CPU.Build.0 = Release|Any CPU
		{AC9BBDD3-A4A9-45BB-9FAB-A0F7EAD6E8B0}.Debug|Any CPU.ActiveCfg = Debug|Any CPU
		{AC9BBDD3-A4A9-45BB-9FAB-A0F7EAD6E8B0}.Debug|Any CPU.Build.0 = Debug|Any CPU
		{AC9BBDD3-A4A9-45BB-9FAB-A0F7EAD6E8B0}.Release|Any CPU.ActiveCfg = Release|Any CPU
		{AC9BBDD3-A4A9-45BB-9FAB-A0F7EAD6E8B0}.Release|Any CPU.Build.0 = Release|Any CPU
	EndGlobalSection
	GlobalSection(SolutionProperties) = preSolution
		HideSolutionNode = FALSE
	EndGlobalSection
EndGlobal
