
Microsoft Visual Studio Solution File, Format Version 12.00
# Visual Studio 2013
VisualStudioVersion = 12.0.21005.1
MinimumVisualStudioVersion = 10.0.40219.1
Project("{FAE04EC0-301F-11D3-BF4B-00C04F79EFBC}") = "HelloWorld", "HelloWorld\HelloWorld.csproj", "{96B6236B-9753-410E-921F-8D863579CA97}"
EndProject
Project("{FAE04EC0-301F-11D3-BF4B-00C04F79EFBC}") = "PrintMyName", "PrintMyName\PrintMyName.csproj", "{1C3E1674-49ED-44EC-AD6E-D772C04E23D1}"
EndProject
Project("{FAE04EC0-301F-11D3-BF4B-00C04F79EFBC}") = "PrintNumber", "PrintNumber\PrintNumber.csproj", "{7D9189E2-B0A5-4DD5-8664-78F4A545F7E3}"
EndProject
Project("{FAE04EC0-301F-11D3-BF4B-00C04F79EFBC}") = "FirstAndLastName", "FirstAndLastName\FirstAndLastName.csproj", "{C6C247C6-25D3-438F-8012-F2E470EC0D2C}"
EndProject
Project("{FAE04EC0-301F-11D3-BF4B-00C04F79EFBC}") = "SquareRoot", "SquareRoot\SquareRoot.csproj", "{CF2C08D8-A7FC-4E12-BFB5-F4436225D8AC}"
EndProject
Project("{FAE04EC0-301F-11D3-BF4B-00C04F79EFBC}") = "Sequence", "Sequence\Sequence.csproj", "{19D288E8-7A20-423D-AB9B-6494F24FA796}"
EndProject
Project("{FAE04EC0-301F-11D3-BF4B-00C04F79EFBC}") = "FormatCode", "FormatCode\FormatCode.csproj", "{71AC45C6-6945-4AC1-A9AB-C271F47C345B}"
EndProject
Project("{FAE04EC0-301F-11D3-BF4B-00C04F79EFBC}") = "CurrentDateAndTime", "CurrentDateAndTime\CurrentDateAndTime.csproj", "{2D88D69D-60E5-42E5-895F-AD7BBAADBA9D}"
EndProject
Project("{FAE04EC0-301F-11D3-BF4B-00C04F79EFBC}") = "Age", "Age\Age.csproj", "{EF1553D7-5D85-45A2-80A3-FF3E557AB3BD}"
EndProject
Project("{FAE04EC0-301F-11D3-BF4B-00C04F79EFBC}") = "LongSequence", "LongSequence\LongSequence.csproj", "{1619FDFA-82EE-4280-980C-B6AB809A0FCF}"
EndProject
Global
	GlobalSection(SolutionConfigurationPlatforms) = preSolution
		Debug|Any CPU = Debug|Any CPU
		Debug|ARM = Debug|ARM
		Debug|x64 = Debug|x64
		Debug|x86 = Debug|x86
		Release|Any CPU = Release|Any CPU
		Release|ARM = Release|ARM
		Release|x64 = Release|x64
		Release|x86 = Release|x86
	EndGlobalSection
	GlobalSection(ProjectConfigurationPlatforms) = postSolution
		{96B6236B-9753-410E-921F-8D863579CA97}.Debug|Any CPU.ActiveCfg = Debug|Any CPU
		{96B6236B-9753-410E-921F-8D863579CA97}.Debug|Any CPU.Build.0 = Debug|Any CPU
		{96B6236B-9753-410E-921F-8D863579CA97}.Debug|ARM.ActiveCfg = Debug|Any CPU
		{96B6236B-9753-410E-921F-8D863579CA97}.Debug|x64.ActiveCfg = Debug|Any CPU
		{96B6236B-9753-410E-921F-8D863579CA97}.Debug|x86.ActiveCfg = Debug|Any CPU
		{96B6236B-9753-410E-921F-8D863579CA97}.Release|Any CPU.ActiveCfg = Release|Any CPU
		{96B6236B-9753-410E-921F-8D863579CA97}.Release|Any CPU.Build.0 = Release|Any CPU
		{96B6236B-9753-410E-921F-8D863579CA97}.Release|ARM.ActiveCfg = Release|Any CPU
		{96B6236B-9753-410E-921F-8D863579CA97}.Release|x64.ActiveCfg = Release|Any CPU
		{96B6236B-9753-410E-921F-8D863579CA97}.Release|x86.ActiveCfg = Release|Any CPU
		{1C3E1674-49ED-44EC-AD6E-D772C04E23D1}.Debug|Any CPU.ActiveCfg = Debug|Any CPU
		{1C3E1674-49ED-44EC-AD6E-D772C04E23D1}.Debug|Any CPU.Build.0 = Debug|Any CPU
		{1C3E1674-49ED-44EC-AD6E-D772C04E23D1}.Debug|ARM.ActiveCfg = Debug|Any CPU
		{1C3E1674-49ED-44EC-AD6E-D772C04E23D1}.Debug|x64.ActiveCfg = Debug|Any CPU
		{1C3E1674-49ED-44EC-AD6E-D772C04E23D1}.Debug|x86.ActiveCfg = Debug|Any CPU
		{1C3E1674-49ED-44EC-AD6E-D772C04E23D1}.Release|Any CPU.ActiveCfg = Release|Any CPU
		{1C3E1674-49ED-44EC-AD6E-D772C04E23D1}.Release|Any CPU.Build.0 = Release|Any CPU
		{1C3E1674-49ED-44EC-AD6E-D772C04E23D1}.Release|ARM.ActiveCfg = Release|Any CPU
		{1C3E1674-49ED-44EC-AD6E-D772C04E23D1}.Release|x64.ActiveCfg = Release|Any CPU
		{1C3E1674-49ED-44EC-AD6E-D772C04E23D1}.Release|x86.ActiveCfg = Release|Any CPU
		{7D9189E2-B0A5-4DD5-8664-78F4A545F7E3}.Debug|Any CPU.ActiveCfg = Debug|Any CPU
		{7D9189E2-B0A5-4DD5-8664-78F4A545F7E3}.Debug|Any CPU.Build.0 = Debug|Any CPU
		{7D9189E2-B0A5-4DD5-8664-78F4A545F7E3}.Debug|ARM.ActiveCfg = Debug|Any CPU
		{7D9189E2-B0A5-4DD5-8664-78F4A545F7E3}.Debug|x64.ActiveCfg = Debug|Any CPU
		{7D9189E2-B0A5-4DD5-8664-78F4A545F7E3}.Debug|x86.ActiveCfg = Debug|Any CPU
		{7D9189E2-B0A5-4DD5-8664-78F4A545F7E3}.Release|Any CPU.ActiveCfg = Release|Any CPU
		{7D9189E2-B0A5-4DD5-8664-78F4A545F7E3}.Release|Any CPU.Build.0 = Release|Any CPU
		{7D9189E2-B0A5-4DD5-8664-78F4A545F7E3}.Release|ARM.ActiveCfg = Release|Any CPU
		{7D9189E2-B0A5-4DD5-8664-78F4A545F7E3}.Release|x64.ActiveCfg = Release|Any CPU
		{7D9189E2-B0A5-4DD5-8664-78F4A545F7E3}.Release|x86.ActiveCfg = Release|Any CPU
		{C6C247C6-25D3-438F-8012-F2E470EC0D2C}.Debug|Any CPU.ActiveCfg = Debug|Any CPU
		{C6C247C6-25D3-438F-8012-F2E470EC0D2C}.Debug|Any CPU.Build.0 = Debug|Any CPU
		{C6C247C6-25D3-438F-8012-F2E470EC0D2C}.Debug|ARM.ActiveCfg = Debug|Any CPU
		{C6C247C6-25D3-438F-8012-F2E470EC0D2C}.Debug|x64.ActiveCfg = Debug|Any CPU
		{C6C247C6-25D3-438F-8012-F2E470EC0D2C}.Debug|x86.ActiveCfg = Debug|Any CPU
		{C6C247C6-25D3-438F-8012-F2E470EC0D2C}.Release|Any CPU.ActiveCfg = Release|Any CPU
		{C6C247C6-25D3-438F-8012-F2E470EC0D2C}.Release|Any CPU.Build.0 = Release|Any CPU
		{C6C247C6-25D3-438F-8012-F2E470EC0D2C}.Release|ARM.ActiveCfg = Release|Any CPU
		{C6C247C6-25D3-438F-8012-F2E470EC0D2C}.Release|x64.ActiveCfg = Release|Any CPU
		{C6C247C6-25D3-438F-8012-F2E470EC0D2C}.Release|x86.ActiveCfg = Release|Any CPU
		{CF2C08D8-A7FC-4E12-BFB5-F4436225D8AC}.Debug|Any CPU.ActiveCfg = Debug|Any CPU
		{CF2C08D8-A7FC-4E12-BFB5-F4436225D8AC}.Debug|Any CPU.Build.0 = Debug|Any CPU
		{CF2C08D8-A7FC-4E12-BFB5-F4436225D8AC}.Debug|ARM.ActiveCfg = Debug|Any CPU
		{CF2C08D8-A7FC-4E12-BFB5-F4436225D8AC}.Debug|x64.ActiveCfg = Debug|Any CPU
		{CF2C08D8-A7FC-4E12-BFB5-F4436225D8AC}.Debug|x86.ActiveCfg = Debug|Any CPU
		{CF2C08D8-A7FC-4E12-BFB5-F4436225D8AC}.Release|Any CPU.ActiveCfg = Release|Any CPU
		{CF2C08D8-A7FC-4E12-BFB5-F4436225D8AC}.Release|Any CPU.Build.0 = Release|Any CPU
		{CF2C08D8-A7FC-4E12-BFB5-F4436225D8AC}.Release|ARM.ActiveCfg = Release|Any CPU
		{CF2C08D8-A7FC-4E12-BFB5-F4436225D8AC}.Release|x64.ActiveCfg = Release|Any CPU
		{CF2C08D8-A7FC-4E12-BFB5-F4436225D8AC}.Release|x86.ActiveCfg = Release|Any CPU
		{19D288E8-7A20-423D-AB9B-6494F24FA796}.Debug|Any CPU.ActiveCfg = Debug|Any CPU
		{19D288E8-7A20-423D-AB9B-6494F24FA796}.Debug|Any CPU.Build.0 = Debug|Any CPU
		{19D288E8-7A20-423D-AB9B-6494F24FA796}.Debug|ARM.ActiveCfg = Debug|Any CPU
		{19D288E8-7A20-423D-AB9B-6494F24FA796}.Debug|x64.ActiveCfg = Debug|Any CPU
		{19D288E8-7A20-423D-AB9B-6494F24FA796}.Debug|x86.ActiveCfg = Debug|Any CPU
		{19D288E8-7A20-423D-AB9B-6494F24FA796}.Release|Any CPU.ActiveCfg = Release|Any CPU
		{19D288E8-7A20-423D-AB9B-6494F24FA796}.Release|Any CPU.Build.0 = Release|Any CPU
		{19D288E8-7A20-423D-AB9B-6494F24FA796}.Release|ARM.ActiveCfg = Release|Any CPU
		{19D288E8-7A20-423D-AB9B-6494F24FA796}.Release|x64.ActiveCfg = Release|Any CPU
		{19D288E8-7A20-423D-AB9B-6494F24FA796}.Release|x86.ActiveCfg = Release|Any CPU
		{71AC45C6-6945-4AC1-A9AB-C271F47C345B}.Debug|Any CPU.ActiveCfg = Debug|Any CPU
		{71AC45C6-6945-4AC1-A9AB-C271F47C345B}.Debug|Any CPU.Build.0 = Debug|Any CPU
		{71AC45C6-6945-4AC1-A9AB-C271F47C345B}.Debug|ARM.ActiveCfg = Debug|Any CPU
		{71AC45C6-6945-4AC1-A9AB-C271F47C345B}.Debug|x64.ActiveCfg = Debug|Any CPU
		{71AC45C6-6945-4AC1-A9AB-C271F47C345B}.Debug|x86.ActiveCfg = Debug|Any CPU
		{71AC45C6-6945-4AC1-A9AB-C271F47C345B}.Release|Any CPU.ActiveCfg = Release|Any CPU
		{71AC45C6-6945-4AC1-A9AB-C271F47C345B}.Release|Any CPU.Build.0 = Release|Any CPU
		{71AC45C6-6945-4AC1-A9AB-C271F47C345B}.Release|ARM.ActiveCfg = Release|Any CPU
		{71AC45C6-6945-4AC1-A9AB-C271F47C345B}.Release|x64.ActiveCfg = Release|Any CPU
		{71AC45C6-6945-4AC1-A9AB-C271F47C345B}.Release|x86.ActiveCfg = Release|Any CPU
		{2D88D69D-60E5-42E5-895F-AD7BBAADBA9D}.Debug|Any CPU.ActiveCfg = Debug|Any CPU
		{2D88D69D-60E5-42E5-895F-AD7BBAADBA9D}.Debug|Any CPU.Build.0 = Debug|Any CPU
		{2D88D69D-60E5-42E5-895F-AD7BBAADBA9D}.Debug|ARM.ActiveCfg = Debug|Any CPU
		{2D88D69D-60E5-42E5-895F-AD7BBAADBA9D}.Debug|x64.ActiveCfg = Debug|Any CPU
		{2D88D69D-60E5-42E5-895F-AD7BBAADBA9D}.Debug|x86.ActiveCfg = Debug|Any CPU
		{2D88D69D-60E5-42E5-895F-AD7BBAADBA9D}.Release|Any CPU.ActiveCfg = Release|Any CPU
		{2D88D69D-60E5-42E5-895F-AD7BBAADBA9D}.Release|Any CPU.Build.0 = Release|Any CPU
		{2D88D69D-60E5-42E5-895F-AD7BBAADBA9D}.Release|ARM.ActiveCfg = Release|Any CPU
		{2D88D69D-60E5-42E5-895F-AD7BBAADBA9D}.Release|x64.ActiveCfg = Release|Any CPU
		{2D88D69D-60E5-42E5-895F-AD7BBAADBA9D}.Release|x86.ActiveCfg = Release|Any CPU
		{EF1553D7-5D85-45A2-80A3-FF3E557AB3BD}.Debug|Any CPU.ActiveCfg = Debug|Any CPU
		{EF1553D7-5D85-45A2-80A3-FF3E557AB3BD}.Debug|Any CPU.Build.0 = Debug|Any CPU
		{EF1553D7-5D85-45A2-80A3-FF3E557AB3BD}.Debug|ARM.ActiveCfg = Debug|Any CPU
		{EF1553D7-5D85-45A2-80A3-FF3E557AB3BD}.Debug|x64.ActiveCfg = Debug|Any CPU
		{EF1553D7-5D85-45A2-80A3-FF3E557AB3BD}.Debug|x86.ActiveCfg = Debug|Any CPU
		{EF1553D7-5D85-45A2-80A3-FF3E557AB3BD}.Release|Any CPU.ActiveCfg = Release|Any CPU
		{EF1553D7-5D85-45A2-80A3-FF3E557AB3BD}.Release|Any CPU.Build.0 = Release|Any CPU
		{EF1553D7-5D85-45A2-80A3-FF3E557AB3BD}.Release|ARM.ActiveCfg = Release|Any CPU
		{EF1553D7-5D85-45A2-80A3-FF3E557AB3BD}.Release|x64.ActiveCfg = Release|Any CPU
		{EF1553D7-5D85-45A2-80A3-FF3E557AB3BD}.Release|x86.ActiveCfg = Release|Any CPU
		{1619FDFA-82EE-4280-980C-B6AB809A0FCF}.Debug|Any CPU.ActiveCfg = Debug|Any CPU
		{1619FDFA-82EE-4280-980C-B6AB809A0FCF}.Debug|Any CPU.Build.0 = Debug|Any CPU
		{1619FDFA-82EE-4280-980C-B6AB809A0FCF}.Debug|ARM.ActiveCfg = Debug|Any CPU
		{1619FDFA-82EE-4280-980C-B6AB809A0FCF}.Debug|x64.ActiveCfg = Debug|Any CPU
		{1619FDFA-82EE-4280-980C-B6AB809A0FCF}.Debug|x86.ActiveCfg = Debug|Any CPU
		{1619FDFA-82EE-4280-980C-B6AB809A0FCF}.Release|Any CPU.ActiveCfg = Release|Any CPU
		{1619FDFA-82EE-4280-980C-B6AB809A0FCF}.Release|Any CPU.Build.0 = Release|Any CPU
		{1619FDFA-82EE-4280-980C-B6AB809A0FCF}.Release|ARM.ActiveCfg = Release|Any CPU
		{1619FDFA-82EE-4280-980C-B6AB809A0FCF}.Release|x64.ActiveCfg = Release|Any CPU
		{1619FDFA-82EE-4280-980C-B6AB809A0FCF}.Release|x86.ActiveCfg = Release|Any CPU
	EndGlobalSection
	GlobalSection(SolutionProperties) = preSolution
		HideSolutionNode = FALSE
	EndGlobalSection
EndGlobal
